
Microsoft Visual Studio Solution File, Format Version 12.00
# Visual Studio Version 17
VisualStudioVersion = 17.0.31903.59
MinimumVisualStudioVersion = 10.0.40219.1
Project("{FAE04EC0-301F-11D3-BF4B-00C04F79EFBC}") = "IngestionService", "IngestionService\IngestionService.csproj", "{D1D0E882-D156-44C0-B458-384566BA33EF}"
EndProject
Project("{FAE04EC0-301F-11D3-BF4B-00C04F79EFBC}") = "IntelligenceService", "IntelligenceService\IntelligenceService.csproj", "{E63E2980-2C33-4A92-B3A7-1BC302F1899B}"
EndProject
Project("{FAE04EC0-301F-11D3-BF4B-00C04F79EFBC}") = "ComplianceService", "ComplianceService\ComplianceService.csproj", "{CDF54994-519A-437A-9E83-13A0FFDB2068}"
EndProject
Project("{FAE04EC0-301F-11D3-BF4B-00C04F79EFBC}") = "SyncService", "SyncService\SyncService.csproj", "{0E6EBFA0-1442-4AFC-9E9B-71AEAF28C27F}"
EndProject
Global
	GlobalSection(SolutionConfigurationPlatforms) = preSolution
		Debug|Any CPU = Debug|Any CPU
		Release|Any CPU = Release|Any CPU
	EndGlobalSection
	GlobalSection(SolutionProperties) = preSolution
		HideSolutionNode = FALSE
	EndGlobalSection
	GlobalSection(ProjectConfigurationPlatforms) = postSolution
		{D1D0E882-D156-44C0-B458-384566BA33EF}.Debug|Any CPU.ActiveCfg = Debug|Any CPU
		{D1D0E882-D156-44C0-B458-384566BA33EF}.Debug|Any CPU.Build.0 = Debug|Any CPU
		{D1D0E882-D156-44C0-B458-384566BA33EF}.Release|Any CPU.ActiveCfg = Release|Any CPU
		{D1D0E882-D156-44C0-B458-384566BA33EF}.Release|Any CPU.Build.0 = Release|Any CPU
		{E63E2980-2C33-4A92-B3A7-1BC302F1899B}.Debug|Any CPU.ActiveCfg = Debug|Any CPU
		{E63E2980-2C33-4A92-B3A7-1BC302F1899B}.Debug|Any CPU.Build.0 = Debug|Any CPU
		{E63E2980-2C33-4A92-B3A7-1BC302F1899B}.Release|Any CPU.ActiveCfg = Release|Any CPU
		{E63E2980-2C33-4A92-B3A7-1BC302F1899B}.Release|Any CPU.Build.0 = Release|Any CPU
		{CDF54994-519A-437A-9E83-13A0FFDB2068}.Debug|Any CPU.ActiveCfg = Debug|Any CPU
		{CDF54994-519A-437A-9E83-13A0FFDB2068}.Debug|Any CPU.Build.0 = Debug|Any CPU
		{CDF54994-519A-437A-9E83-13A0FFDB2068}.Release|Any CPU.ActiveCfg = Release|Any CPU
		{CDF54994-519A-437A-9E83-13A0FFDB2068}.Release|Any CPU.Build.0 = Release|Any CPU
		{0E6EBFA0-1442-4AFC-9E9B-71AEAF28C27F}.Debug|Any CPU.ActiveCfg = Debug|Any CPU
		{0E6EBFA0-1442-4AFC-9E9B-71AEAF28C27F}.Debug|Any CPU.Build.0 = Debug|Any CPU
		{0E6EBFA0-1442-4AFC-9E9B-71AEAF28C27F}.Release|Any CPU.ActiveCfg = Release|Any CPU
		{0E6EBFA0-1442-4AFC-9E9B-71AEAF28C27F}.Release|Any CPU.Build.0 = Release|Any CPU
	EndGlobalSection
EndGlobal
